
Microsoft Visual Studio Solution File, Format Version 12.00
# Visual Studio Version 17
VisualStudioVersion = 17.5.33502.453
MinimumVisualStudioVersion = 10.0.40219.1
Project("{9A19103F-16F7-4668-BE54-9A1E7A4F7556}") = "Snack-1", "Snack-1\Snack-1.csproj", "{7FBCBDEC-2E3E-4193-A0C1-C2D5B4421614}"
EndProject
Project("{9A19103F-16F7-4668-BE54-9A1E7A4F7556}") = "Snack-2", "Snack-2\Snack-2.csproj", "{611D429F-6BE1-4970-9099-1C9F3BB82ACB}"
EndProject
Project("{9A19103F-16F7-4668-BE54-9A1E7A4F7556}") = "Snack-3", "Snack-3\Snack-3.csproj", "{E46E6FC5-7A49-4494-8AC5-EC81A7BE6F50}"
EndProject
Project("{9A19103F-16F7-4668-BE54-9A1E7A4F7556}") = "Snack-4", "Snack-4\Snack-4.csproj", "{52B27486-81DB-4D2A-865C-A13CBE62D3BB}"
EndProject
Project("{9A19103F-16F7-4668-BE54-9A1E7A4F7556}") = "Snack-5", "Snack-5\Snack-5.csproj", "{A0CCCE14-4F7E-4424-BB03-AFA93428E187}"
EndProject
Project("{9A19103F-16F7-4668-BE54-9A1E7A4F7556}") = "Snack-6", "Snack-6\Snack-6.csproj", "{846BE50E-636D-47C4-97FA-F2CCA4ED6FE2}"
EndProject
Project("{9A19103F-16F7-4668-BE54-9A1E7A4F7556}") = "Snack-7", "Snack-7\Snack-7.csproj", "{6692947A-D87C-4F2E-BE52-8A28E123F99F}"
EndProject
Project("{9A19103F-16F7-4668-BE54-9A1E7A4F7556}") = "Snack-8", "Snack-8\Snack-8.csproj", "{E6240899-F8A3-4AC7-A8F9-4FDB7383BA43}"
EndProject
Project("{9A19103F-16F7-4668-BE54-9A1E7A4F7556}") = "Snack-9", "Snack-9\Snack-9.csproj", "{E3824A56-6D5A-4998-BCD2-3109F717039A}"
EndProject
Project("{FAE04EC0-301F-11D3-BF4B-00C04F79EFBC}") = "Snack-10", "Snack-10\Snack-10.csproj", "{652261FA-C03E-4E7B-BB6E-FBC0232B50D5}"
EndProject
Project("{FAE04EC0-301F-11D3-BF4B-00C04F79EFBC}") = "Snack-11", "Snack 11\Snack-11.csproj", "{C8155040-7121-4EE7-8360-1B45CB075C1A}"
EndProject
Project("{FAE04EC0-301F-11D3-BF4B-00C04F79EFBC}") = "Snack-12", "Snack-12\Snack-12.csproj", "{AAC208F7-F8F7-4C1B-9208-F8AF9A80A041}"
EndProject
Global
	GlobalSection(SolutionConfigurationPlatforms) = preSolution
		Debug|Any CPU = Debug|Any CPU
		Release|Any CPU = Release|Any CPU
	EndGlobalSection
	GlobalSection(ProjectConfigurationPlatforms) = postSolution
		{7FBCBDEC-2E3E-4193-A0C1-C2D5B4421614}.Debug|Any CPU.ActiveCfg = Debug|Any CPU
		{7FBCBDEC-2E3E-4193-A0C1-C2D5B4421614}.Debug|Any CPU.Build.0 = Debug|Any CPU
		{7FBCBDEC-2E3E-4193-A0C1-C2D5B4421614}.Release|Any CPU.ActiveCfg = Release|Any CPU
		{7FBCBDEC-2E3E-4193-A0C1-C2D5B4421614}.Release|Any CPU.Build.0 = Release|Any CPU
		{611D429F-6BE1-4970-9099-1C9F3BB82ACB}.Debug|Any CPU.ActiveCfg = Debug|Any CPU
		{611D429F-6BE1-4970-9099-1C9F3BB82ACB}.Debug|Any CPU.Build.0 = Debug|Any CPU
		{611D429F-6BE1-4970-9099-1C9F3BB82ACB}.Release|Any CPU.ActiveCfg = Release|Any CPU
		{611D429F-6BE1-4970-9099-1C9F3BB82ACB}.Release|Any CPU.Build.0 = Release|Any CPU
		{E46E6FC5-7A49-4494-8AC5-EC81A7BE6F50}.Debug|Any CPU.ActiveCfg = Debug|Any CPU
		{E46E6FC5-7A49-4494-8AC5-EC81A7BE6F50}.Debug|Any CPU.Build.0 = Debug|Any CPU
		{E46E6FC5-7A49-4494-8AC5-EC81A7BE6F50}.Release|Any CPU.ActiveCfg = Release|Any CPU
		{E46E6FC5-7A49-4494-8AC5-EC81A7BE6F50}.Release|Any CPU.Build.0 = Release|Any CPU
		{52B27486-81DB-4D2A-865C-A13CBE62D3BB}.Debug|Any CPU.ActiveCfg = Debug|Any CPU
		{52B27486-81DB-4D2A-865C-A13CBE62D3BB}.Debug|Any CPU.Build.0 = Debug|Any CPU
		{52B27486-81DB-4D2A-865C-A13CBE62D3BB}.Release|Any CPU.ActiveCfg = Release|Any CPU
		{52B27486-81DB-4D2A-865C-A13CBE62D3BB}.Release|Any CPU.Build.0 = Release|Any CPU
		{A0CCCE14-4F7E-4424-BB03-AFA93428E187}.Debug|Any CPU.ActiveCfg = Debug|Any CPU
		{A0CCCE14-4F7E-4424-BB03-AFA93428E187}.Debug|Any CPU.Build.0 = Debug|Any CPU
		{A0CCCE14-4F7E-4424-BB03-AFA93428E187}.Release|Any CPU.ActiveCfg = Release|Any CPU
		{A0CCCE14-4F7E-4424-BB03-AFA93428E187}.Release|Any CPU.Build.0 = Release|Any CPU
		{846BE50E-636D-47C4-97FA-F2CCA4ED6FE2}.Debug|Any CPU.ActiveCfg = Debug|Any CPU
		{846BE50E-636D-47C4-97FA-F2CCA4ED6FE2}.Debug|Any CPU.Build.0 = Debug|Any CPU
		{846BE50E-636D-47C4-97FA-F2CCA4ED6FE2}.Release|Any CPU.ActiveCfg = Release|Any CPU
		{846BE50E-636D-47C4-97FA-F2CCA4ED6FE2}.Release|Any CPU.Build.0 = Release|Any CPU
		{6692947A-D87C-4F2E-BE52-8A28E123F99F}.Debug|Any CPU.ActiveCfg = Debug|Any CPU
		{6692947A-D87C-4F2E-BE52-8A28E123F99F}.Debug|Any CPU.Build.0 = Debug|Any CPU
		{6692947A-D87C-4F2E-BE52-8A28E123F99F}.Release|Any CPU.ActiveCfg = Release|Any CPU
		{6692947A-D87C-4F2E-BE52-8A28E123F99F}.Release|Any CPU.Build.0 = Release|Any CPU
		{E6240899-F8A3-4AC7-A8F9-4FDB7383BA43}.Debug|Any CPU.ActiveCfg = Debug|Any CPU
		{E6240899-F8A3-4AC7-A8F9-4FDB7383BA43}.Debug|Any CPU.Build.0 = Debug|Any CPU
		{E6240899-F8A3-4AC7-A8F9-4FDB7383BA43}.Release|Any CPU.ActiveCfg = Release|Any CPU
		{E6240899-F8A3-4AC7-A8F9-4FDB7383BA43}.Release|Any CPU.Build.0 = Release|Any CPU
		{E3824A56-6D5A-4998-BCD2-3109F717039A}.Debug|Any CPU.ActiveCfg = Debug|Any CPU
		{E3824A56-6D5A-4998-BCD2-3109F717039A}.Debug|Any CPU.Build.0 = Debug|Any CPU
		{E3824A56-6D5A-4998-BCD2-3109F717039A}.Release|Any CPU.ActiveCfg = Release|Any CPU
		{E3824A56-6D5A-4998-BCD2-3109F717039A}.Release|Any CPU.Build.0 = Release|Any CPU
		{652261FA-C03E-4E7B-BB6E-FBC0232B50D5}.Debug|Any CPU.ActiveCfg = Debug|Any CPU
		{652261FA-C03E-4E7B-BB6E-FBC0232B50D5}.Debug|Any CPU.Build.0 = Debug|Any CPU
		{652261FA-C03E-4E7B-BB6E-FBC0232B50D5}.Release|Any CPU.ActiveCfg = Release|Any CPU
		{652261FA-C03E-4E7B-BB6E-FBC0232B50D5}.Release|Any CPU.Build.0 = Release|Any CPU
		{C8155040-7121-4EE7-8360-1B45CB075C1A}.Debug|Any CPU.ActiveCfg = Debug|Any CPU
		{C8155040-7121-4EE7-8360-1B45CB075C1A}.Debug|Any CPU.Build.0 = Debug|Any CPU
		{C8155040-7121-4EE7-8360-1B45CB075C1A}.Release|Any CPU.ActiveCfg = Release|Any CPU
		{C8155040-7121-4EE7-8360-1B45CB075C1A}.Release|Any CPU.Build.0 = Release|Any CPU
		{AAC208F7-F8F7-4C1B-9208-F8AF9A80A041}.Debug|Any CPU.ActiveCfg = Debug|Any CPU
		{AAC208F7-F8F7-4C1B-9208-F8AF9A80A041}.Debug|Any CPU.Build.0 = Debug|Any CPU
		{AAC208F7-F8F7-4C1B-9208-F8AF9A80A041}.Release|Any CPU.ActiveCfg = Release|Any CPU
		{AAC208F7-F8F7-4C1B-9208-F8AF9A80A041}.Release|Any CPU.Build.0 = Release|Any CPU
	EndGlobalSection
	GlobalSection(SolutionProperties) = preSolution
		HideSolutionNode = FALSE
	EndGlobalSection
	GlobalSection(ExtensibilityGlobals) = postSolution
		SolutionGuid = {209CE642-E18D-4432-8260-29ADE9AF5B72}
	EndGlobalSection
EndGlobal
